
Microsoft Visual Studio Solution File, Format Version 12.00
# Visual Studio Version 17
VisualStudioVersion = 17.8.34408.163
MinimumVisualStudioVersion = 10.0.40219.1
Project("{FAE04EC0-301F-11D3-BF4B-00C04F79EFBC}") = "MongoDbAndDesignPatternProject", "MongoDbAndDesignPatternProject\MongoDbAndDesignPatternProject.csproj", "{6CE87D35-AF88-46D2-9E06-9379AF0AA9E0}"
EndProject
Global
	GlobalSection(SolutionConfigurationPlatforms) = preSolution
		Debug|Any CPU = Debug|Any CPU
		Release|Any CPU = Release|Any CPU
	EndGlobalSection
	GlobalSection(ProjectConfigurationPlatforms) = postSolution
		{6CE87D35-AF88-46D2-9E06-9379AF0AA9E0}.Debug|Any CPU.ActiveCfg = Debug|Any CPU
		{6CE87D35-AF88-46D2-9E06-9379AF0AA9E0}.Debug|Any CPU.Build.0 = Debug|Any CPU
		{6CE87D35-AF88-46D2-9E06-9379AF0AA9E0}.Release|Any CPU.ActiveCfg = Release|Any CPU
		{6CE87D35-AF88-46D2-9E06-9379AF0AA9E0}.Release|Any CPU.Build.0 = Release|Any CPU
	EndGlobalSection
	GlobalSection(SolutionProperties) = preSolution
		HideSolutionNode = FALSE
	EndGlobalSection
	GlobalSection(ExtensibilityGlobals) = postSolution
		SolutionGuid = {65AB40F6-6856-43B2-88D4-F18F66612CB0}
	EndGlobalSection
EndGlobal
